
Microsoft Visual Studio Solution File, Format Version 12.00
# Visual Studio Version 17
VisualStudioVersion = 17.10.35027.167
MinimumVisualStudioVersion = 10.0.40219.1
Project("{FAE04EC0-301F-11D3-BF4B-00C04F79EFBC}") = "LPR_commandLine", "LPR_commandLine\LPR_commandLine.csproj", "{E49A29D3-3FFA-4144-B616-E397B95B549D}"
EndProject
Global
	GlobalSection(SolutionConfigurationPlatforms) = preSolution
		Debug|Any CPU = Debug|Any CPU
		Release|Any CPU = Release|Any CPU
	EndGlobalSection
	GlobalSection(ProjectConfigurationPlatforms) = postSolution
		{E49A29D3-3FFA-4144-B616-E397B95B549D}.Debug|Any CPU.ActiveCfg = Debug|Any CPU
		{E49A29D3-3FFA-4144-B616-E397B95B549D}.Debug|Any CPU.Build.0 = Debug|Any CPU
		{E49A29D3-3FFA-4144-B616-E397B95B549D}.Release|Any CPU.ActiveCfg = Release|Any CPU
		{E49A29D3-3FFA-4144-B616-E397B95B549D}.Release|Any CPU.Build.0 = Release|Any CPU
	EndGlobalSection
	GlobalSection(SolutionProperties) = preSolution
		HideSolutionNode = FALSE
	EndGlobalSection
	GlobalSection(ExtensibilityGlobals) = postSolution
		SolutionGuid = {BE8C0F24-3008-4CA6-ACEB-6B3121063AA5}
	EndGlobalSection
EndGlobal
